
Microsoft Visual Studio Solution File, Format Version 12.00
# Visual Studio Version 16
VisualStudioVersion = 16.0.28729.10
MinimumVisualStudioVersion = 10.0.40219.1
Project("{F184B08F-C81C-45F6-A57F-5ABD9991F28F}") = "n_numbers_armstrong", "n_numbers_armstrong.vbproj", "{8160C472-EED6-40CD-9217-DDE29DC248BE}"
EndProject
Global
	GlobalSection(SolutionConfigurationPlatforms) = preSolution
		Debug|Any CPU = Debug|Any CPU
		Release|Any CPU = Release|Any CPU
	EndGlobalSection
	GlobalSection(ProjectConfigurationPlatforms) = postSolution
		{8160C472-EED6-40CD-9217-DDE29DC248BE}.Debug|Any CPU.ActiveCfg = Debug|Any CPU
		{8160C472-EED6-40CD-9217-DDE29DC248BE}.Debug|Any CPU.Build.0 = Debug|Any CPU
		{8160C472-EED6-40CD-9217-DDE29DC248BE}.Release|Any CPU.ActiveCfg = Release|Any CPU
		{8160C472-EED6-40CD-9217-DDE29DC248BE}.Release|Any CPU.Build.0 = Release|Any CPU
	EndGlobalSection
	GlobalSection(SolutionProperties) = preSolution
		HideSolutionNode = FALSE
	EndGlobalSection
	GlobalSection(ExtensibilityGlobals) = postSolution
		SolutionGuid = {CF79FAA9-4DD8-4A01-BFD4-D9B6ABED8CC9}
	EndGlobalSection
EndGlobal
