
Microsoft Visual Studio Solution File, Format Version 12.00
# Visual Studio Version 16
VisualStudioVersion = 16.0.28729.10
MinimumVisualStudioVersion = 10.0.40219.1
Project("{F184B08F-C81C-45F6-A57F-5ABD9991F28F}") = "sumoof_all_numbers", "sumoof_all_numbers.vbproj", "{80E67FFD-DD77-4ADF-B4F0-03894B072581}"
EndProject
Global
	GlobalSection(SolutionConfigurationPlatforms) = preSolution
		Debug|Any CPU = Debug|Any CPU
		Release|Any CPU = Release|Any CPU
	EndGlobalSection
	GlobalSection(ProjectConfigurationPlatforms) = postSolution
		{80E67FFD-DD77-4ADF-B4F0-03894B072581}.Debug|Any CPU.ActiveCfg = Debug|Any CPU
		{80E67FFD-DD77-4ADF-B4F0-03894B072581}.Debug|Any CPU.Build.0 = Debug|Any CPU
		{80E67FFD-DD77-4ADF-B4F0-03894B072581}.Release|Any CPU.ActiveCfg = Release|Any CPU
		{80E67FFD-DD77-4ADF-B4F0-03894B072581}.Release|Any CPU.Build.0 = Release|Any CPU
	EndGlobalSection
	GlobalSection(SolutionProperties) = preSolution
		HideSolutionNode = FALSE
	EndGlobalSection
	GlobalSection(ExtensibilityGlobals) = postSolution
		SolutionGuid = {3548A27E-8B5A-471F-9FC4-2DBD9BF305F5}
	EndGlobalSection
EndGlobal
