
Microsoft Visual Studio Solution File, Format Version 12.00
# Visual Studio Version 16
VisualStudioVersion = 16.0.28729.10
MinimumVisualStudioVersion = 10.0.40219.1
Project("{F184B08F-C81C-45F6-A57F-5ABD9991F28F}") = "array_smallest_largest", "array_smallest_largest.vbproj", "{C3954DE8-2217-46AB-A612-B0B9E9C205F3}"
EndProject
Global
	GlobalSection(SolutionConfigurationPlatforms) = preSolution
		Debug|Any CPU = Debug|Any CPU
		Release|Any CPU = Release|Any CPU
	EndGlobalSection
	GlobalSection(ProjectConfigurationPlatforms) = postSolution
		{C3954DE8-2217-46AB-A612-B0B9E9C205F3}.Debug|Any CPU.ActiveCfg = Debug|Any CPU
		{C3954DE8-2217-46AB-A612-B0B9E9C205F3}.Debug|Any CPU.Build.0 = Debug|Any CPU
		{C3954DE8-2217-46AB-A612-B0B9E9C205F3}.Release|Any CPU.ActiveCfg = Release|Any CPU
		{C3954DE8-2217-46AB-A612-B0B9E9C205F3}.Release|Any CPU.Build.0 = Release|Any CPU
	EndGlobalSection
	GlobalSection(SolutionProperties) = preSolution
		HideSolutionNode = FALSE
	EndGlobalSection
	GlobalSection(ExtensibilityGlobals) = postSolution
		SolutionGuid = {42E983A7-EB7E-413B-A390-36AA3D2D1E67}
	EndGlobalSection
EndGlobal
