
Microsoft Visual Studio Solution File, Format Version 12.00
# Visual Studio Version 16
VisualStudioVersion = 16.0.28729.10
MinimumVisualStudioVersion = 10.0.40219.1
Project("{F184B08F-C81C-45F6-A57F-5ABD9991F28F}") = "array1", "array1.vbproj", "{FA2E86B7-9931-4C26-A62B-CEBD42BB136C}"
EndProject
Global
	GlobalSection(SolutionConfigurationPlatforms) = preSolution
		Debug|Any CPU = Debug|Any CPU
		Release|Any CPU = Release|Any CPU
	EndGlobalSection
	GlobalSection(ProjectConfigurationPlatforms) = postSolution
		{FA2E86B7-9931-4C26-A62B-CEBD42BB136C}.Debug|Any CPU.ActiveCfg = Debug|Any CPU
		{FA2E86B7-9931-4C26-A62B-CEBD42BB136C}.Debug|Any CPU.Build.0 = Debug|Any CPU
		{FA2E86B7-9931-4C26-A62B-CEBD42BB136C}.Release|Any CPU.ActiveCfg = Release|Any CPU
		{FA2E86B7-9931-4C26-A62B-CEBD42BB136C}.Release|Any CPU.Build.0 = Release|Any CPU
	EndGlobalSection
	GlobalSection(SolutionProperties) = preSolution
		HideSolutionNode = FALSE
	EndGlobalSection
	GlobalSection(ExtensibilityGlobals) = postSolution
		SolutionGuid = {9994ABC5-D6E9-4C35-A719-11BE8D3BD825}
	EndGlobalSection
EndGlobal
